
Microsoft Visual Studio Solution File, Format Version 12.00
# Visual Studio 15
VisualStudioVersion = 15.0.27130.0
MinimumVisualStudioVersion = 10.0.40219.1
Project("{FAE04EC0-301F-11D3-BF4B-00C04F79EFBC}") = "WpfApp8", "WpfApp8\WpfApp8.csproj", "{64C87C70-5D71-4B8F-AB07-76B98DB3BDED}"
EndProject
Global
	GlobalSection(SolutionConfigurationPlatforms) = preSolution
		Debug|Any CPU = Debug|Any CPU
		Release|Any CPU = Release|Any CPU
	EndGlobalSection
	GlobalSection(ProjectConfigurationPlatforms) = postSolution
		{64C87C70-5D71-4B8F-AB07-76B98DB3BDED}.Debug|Any CPU.ActiveCfg = Debug|Any CPU
		{64C87C70-5D71-4B8F-AB07-76B98DB3BDED}.Debug|Any CPU.Build.0 = Debug|Any CPU
		{64C87C70-5D71-4B8F-AB07-76B98DB3BDED}.Release|Any CPU.ActiveCfg = Release|Any CPU
		{64C87C70-5D71-4B8F-AB07-76B98DB3BDED}.Release|Any CPU.Build.0 = Release|Any CPU
	EndGlobalSection
	GlobalSection(SolutionProperties) = preSolution
		HideSolutionNode = FALSE
	EndGlobalSection
	GlobalSection(ExtensibilityGlobals) = postSolution
		SolutionGuid = {3B128CBE-A564-46FD-AF03-2D6D3F1DFBAA}
	EndGlobalSection
EndGlobal
